
Microsoft Visual Studio Solution File, Format Version 12.00
Project("{FAE04EC0-301F-11D3-BF4B-00C04F79EFBC}") = "WA_PeoplesManager", "WA_PeoplesManager\WA_PeoplesManager.csproj", "{709B0E8C-F2CD-4E65-93BF-ED77DED05C45}"
EndProject
Global
	GlobalSection(SolutionConfigurationPlatforms) = preSolution
		Debug|Any CPU = Debug|Any CPU
		Release|Any CPU = Release|Any CPU
	EndGlobalSection
	GlobalSection(ProjectConfigurationPlatforms) = postSolution
		{709B0E8C-F2CD-4E65-93BF-ED77DED05C45}.Debug|Any CPU.ActiveCfg = Debug|Any CPU
		{709B0E8C-F2CD-4E65-93BF-ED77DED05C45}.Debug|Any CPU.Build.0 = Debug|Any CPU
		{709B0E8C-F2CD-4E65-93BF-ED77DED05C45}.Release|Any CPU.ActiveCfg = Release|Any CPU
		{709B0E8C-F2CD-4E65-93BF-ED77DED05C45}.Release|Any CPU.Build.0 = Release|Any CPU
	EndGlobalSection
EndGlobal
